
Microsoft Visual Studio Solution File, Format Version 12.00
# Visual Studio 15
VisualStudioVersion = 15.0.28010.2050
MinimumVisualStudioVersion = 10.0.40219.1
Project("{FAE04EC0-301F-11D3-BF4B-00C04F79EFBC}") = "GreyScaleHistogramm_CVB", "GreyScaleHistogramm-CVB\GreyScaleHistogramm_CVB.csproj", "{7070FAA8-AA04-45AC-88ED-0BC55F21FD09}"
EndProject
Project("{FAE04EC0-301F-11D3-BF4B-00C04F79EFBC}") = "ConsoleApp", "ConsoleApp\ConsoleApp.csproj", "{7C309A6E-E4FF-4E37-8CCE-EEFCC8F834D2}"
EndProject
Global
	GlobalSection(SolutionConfigurationPlatforms) = preSolution
		Debug|Any CPU = Debug|Any CPU
		Release|Any CPU = Release|Any CPU
	EndGlobalSection
	GlobalSection(ProjectConfigurationPlatforms) = postSolution
		{7070FAA8-AA04-45AC-88ED-0BC55F21FD09}.Debug|Any CPU.ActiveCfg = Debug|Any CPU
		{7070FAA8-AA04-45AC-88ED-0BC55F21FD09}.Debug|Any CPU.Build.0 = Debug|Any CPU
		{7070FAA8-AA04-45AC-88ED-0BC55F21FD09}.Release|Any CPU.ActiveCfg = Release|Any CPU
		{7070FAA8-AA04-45AC-88ED-0BC55F21FD09}.Release|Any CPU.Build.0 = Release|Any CPU
		{7C309A6E-E4FF-4E37-8CCE-EEFCC8F834D2}.Debug|Any CPU.ActiveCfg = Debug|Any CPU
		{7C309A6E-E4FF-4E37-8CCE-EEFCC8F834D2}.Debug|Any CPU.Build.0 = Debug|Any CPU
		{7C309A6E-E4FF-4E37-8CCE-EEFCC8F834D2}.Release|Any CPU.ActiveCfg = Release|Any CPU
		{7C309A6E-E4FF-4E37-8CCE-EEFCC8F834D2}.Release|Any CPU.Build.0 = Release|Any CPU
	EndGlobalSection
	GlobalSection(SolutionProperties) = preSolution
		HideSolutionNode = FALSE
	EndGlobalSection
	GlobalSection(ExtensibilityGlobals) = postSolution
		SolutionGuid = {17748A92-9EDB-4B0A-9A80-DC23CFE2C438}
	EndGlobalSection
EndGlobal
